
Microsoft Visual Studio Solution File, Format Version 12.00
# Visual Studio Version 17
VisualStudioVersion = 17.5.33414.496
MinimumVisualStudioVersion = 10.0.40219.1
Project("{FAE04EC0-301F-11D3-BF4B-00C04F79EFBC}") = "tpmodul9_1302213102", "tpmodul9_1302213102\tpmodul9_1302213102.csproj", "{2DCA94DD-78F9-4EB0-9C88-E752C1438921}"
EndProject
Global
	GlobalSection(SolutionConfigurationPlatforms) = preSolution
		Debug|Any CPU = Debug|Any CPU
		Release|Any CPU = Release|Any CPU
	EndGlobalSection
	GlobalSection(ProjectConfigurationPlatforms) = postSolution
		{2DCA94DD-78F9-4EB0-9C88-E752C1438921}.Debug|Any CPU.ActiveCfg = Debug|Any CPU
		{2DCA94DD-78F9-4EB0-9C88-E752C1438921}.Debug|Any CPU.Build.0 = Debug|Any CPU
		{2DCA94DD-78F9-4EB0-9C88-E752C1438921}.Release|Any CPU.ActiveCfg = Release|Any CPU
		{2DCA94DD-78F9-4EB0-9C88-E752C1438921}.Release|Any CPU.Build.0 = Release|Any CPU
	EndGlobalSection
	GlobalSection(SolutionProperties) = preSolution
		HideSolutionNode = FALSE
	EndGlobalSection
	GlobalSection(ExtensibilityGlobals) = postSolution
		SolutionGuid = {23A7A88D-0913-4E6F-9CD3-14BF7443F997}
	EndGlobalSection
EndGlobal
